
Microsoft Visual Studio Solution File, Format Version 12.00
# Visual Studio Version 17
VisualStudioVersion = 17.11.35219.272
MinimumVisualStudioVersion = 10.0.40219.1
Project("{FAE04EC0-301F-11D3-BF4B-00C04F79EFBC}") = "gamelyApi", "gamelyApi\gamelyApi.csproj", "{26180651-71B6-45FF-87D0-AFFC37E4FB5B}"
EndProject
Global
	GlobalSection(SolutionConfigurationPlatforms) = preSolution
		Debug|Any CPU = Debug|Any CPU
		Release|Any CPU = Release|Any CPU
	EndGlobalSection
	GlobalSection(ProjectConfigurationPlatforms) = postSolution
		{26180651-71B6-45FF-87D0-AFFC37E4FB5B}.Debug|Any CPU.ActiveCfg = Debug|Any CPU
		{26180651-71B6-45FF-87D0-AFFC37E4FB5B}.Debug|Any CPU.Build.0 = Debug|Any CPU
		{26180651-71B6-45FF-87D0-AFFC37E4FB5B}.Release|Any CPU.ActiveCfg = Release|Any CPU
		{26180651-71B6-45FF-87D0-AFFC37E4FB5B}.Release|Any CPU.Build.0 = Release|Any CPU
	EndGlobalSection
	GlobalSection(SolutionProperties) = preSolution
		HideSolutionNode = FALSE
	EndGlobalSection
	GlobalSection(ExtensibilityGlobals) = postSolution
		SolutionGuid = {F681531C-1406-476F-9A4D-79AABA6B785A}
	EndGlobalSection
EndGlobal
